// !$*UTF8*$!
{
	archiveVersion = 1;
	classes = {
	};
	objectVersion = 48;
	objects = {

/* Begin PBXBuildFile section */
		110759B11F9FF275009BB332 /* AppDelegate.swift in Sources */ = {isa = PBXBuildFile; fileRef = 110759B01F9FF275009BB332 /* AppDelegate.swift */; };
		110759B31F9FF275009BB332 /* ViewController.swift in Sources */ = {isa = PBXBuildFile; fileRef = 110759B21F9FF275009BB332 /* ViewController.swift */; };
		110759B61F9FF275009BB332 /* Main.storyboard in Resources */ = {isa = PBXBuildFile; fileRef = 110759B41F9FF275009BB332 /* Main.storyboard */; };
		110759B81F9FF275009BB332 /* Assets.xcassets in Resources */ = {isa = PBXBuildFile; fileRef = 110759B71F9FF275009BB332 /* Assets.xcassets */; };
		110759BB1F9FF275009BB332 /* LaunchScreen.storyboard in Resources */ = {isa = PBXBuildFile; fileRef = 110759B91F9FF275009BB332 /* LaunchScreen.storyboard */; };
		110759C31F9FF635009BB332 /* Pin.swift in Sources */ = {isa = PBXBuildFile; fileRef = 110759C21F9FF635009BB332 /* Pin.swift */; };
/* End PBXBuildFile section */

/* Begin PBXFileReference section */
		110759AD1F9FF275009BB332 /* Pin Drop.app */ = {isa = PBXFileReference; explicitFileType = wrapper.application; includeInIndex = 0; path = "Pin Drop.app"; sourceTree = BUILT_PRODUCTS_DIR; };
		110759B01F9FF275009BB332 /* AppDelegate.swift */ = {isa = PBXFileReference; lastKnownFileType = sourcecode.swift; path = AppDelegate.swift; sourceTree = "<group>"; };
		110759B21F9FF275009BB332 /* ViewController.swift */ = {isa = PBXFileReference; lastKnownFileType = sourcecode.swift; path = ViewController.swift; sourceTree = "<group>"; };
		110759B51F9FF275009BB332 /* Base */ = {isa = PBXFileReference; lastKnownFileType = file.storyboard; name = Base; path = Base.lproj/Main.storyboard; sourceTree = "<group>"; };
		110759B71F9FF275009BB332 /* Assets.xcassets */ = {isa = PBXFileReference; lastKnownFileType = folder.assetcatalog; path = Assets.xcassets; sourceTree = "<group>"; };
		110759BA1F9FF275009BB332 /* Base */ = {isa = PBXFileReference; lastKnownFileType = file.storyboard; name = Base; path = Base.lproj/LaunchScreen.storyboard; sourceTree = "<group>"; };
		110759BC1F9FF275009BB332 /* Info.plist */ = {isa = PBXFileReference; lastKnownFileType = text.plist.xml; path = Info.plist; sourceTree = "<group>"; };
		110759C21F9FF635009BB332 /* Pin.swift */ = {isa = PBXFileReference; lastKnownFileType = sourcecode.swift; path = Pin.swift; sourceTree = "<group>"; };
/* End PBXFileReference section */

/* Begin PBXFrameworksBuildPhase section */
		110759AA1F9FF275009BB332 /* Frameworks */ = {
			isa = PBXFrameworksBuildPhase;
			buildActionMask = 2147483647;
			files = (
			);
			runOnlyForDeploymentPostprocessing = 0;
		};
/* End PBXFrameworksBuildPhase section */

/* Begin PBXGroup section */
		110759A41F9FF275009BB332 = {
			isa = PBXGroup;
			children = (
				110759AF1F9FF275009BB332 /* Pin Drop */,
				110759AE1F9FF275009BB332 /* Products */,
			);
			sourceTree = "<group>";
		};
		110759AE1F9FF275009BB332 /* Products */ = {
			isa = PBXGroup;
			children = (
				110759AD1F9FF275009BB332 /* Pin Drop.app */,
			);
			name = Products;
			sourceTree = "<group>";
		};
		110759AF1F9FF275009BB332 /* Pin Drop */ = {
			isa = PBXGroup;
			children = (
				110759B01F9FF275009BB332 /* AppDelegate.swift */,
				110759B21F9FF275009BB332 /* ViewController.swift */,
				110759B41F9FF275009BB332 /* Main.storyboard */,
				110759C21F9FF635009BB332 /* Pin.swift */,
				110759B71F9FF275009BB332 /* Assets.xcassets */,
				110759B91F9FF275009BB332 /* LaunchScreen.storyboard */,
				110759BC1F9FF275009BB332 /* Info.plist */,
			);
			path = "Pin Drop";
			sourceTree = "<group>";
		};
/* End PBXGroup section */

/* Begin PBXNativeTarget section */
		110759AC1F9FF275009BB332 /* Pin Drop */ = {
			isa = PBXNativeTarget;
			buildConfigurationList = 110759BF1F9FF275009BB332 /* Build configuration list for PBXNativeTarget "Pin Drop" */;
			buildPhases = (
				110759A91F9FF275009BB332 /* Sources */,
				110759AA1F9FF275009BB332 /* Frameworks */,
				110759AB1F9FF275009BB332 /* Resources */,
			);
			buildRules = (
			);
			dependencies = (
			);
			name = "Pin Drop";
			productName = "Pin Drop";
			productReference = 110759AD1F9FF275009BB332 /* Pin Drop.app */;
			productType = "com.apple.product-type.application";
		};
/* End PBXNativeTarget section */

/* Begin PBXProject section */
		110759A51F9FF275009BB332 /* Project object */ = {
			isa = PBXProject;
			attributes = {
				LastSwiftUpdateCheck = 0900;
				LastUpgradeCheck = 0900;
				ORGANIZATIONNAME = "Akhila Ballari";
				TargetAttributes = {
					110759AC1F9FF275009BB332 = {
						CreatedOnToolsVersion = 9.0.1;
						ProvisioningStyle = Automatic;
					};
				};
			};
			buildConfigurationList = 110759A81F9FF275009BB332 /* Build configuration list for PBXProject "Pin Drop" */;
			compatibilityVersion = "Xcode 8.0";
			developmentRegion = en;
			hasScannedForEncodings = 0;
			knownRegions = (
				en,
				Base,
			);
			mainGroup = 110759A41F9FF275009BB332;
			productRefGroup = 110759AE1F9FF275009BB332 /* Products */;
			projectDirPath = "";
			projectRoot = "";
			targets = (
				110759AC1F9FF275009BB332 /* Pin Drop */,
			);
		};
/* End PBXProject section */

/* Begin PBXResourcesBuildPhase section */
		110759AB1F9FF275009BB332 /* Resources */ = {
			isa = PBXResourcesBuildPhase;
			buildActionMask = 2147483647;
			files = (
				110759BB1F9FF275009BB332 /* LaunchScreen.storyboard in Resources */,
				110759B81F9FF275009BB332 /* Assets.xcassets in Resources */,
				110759B61F9FF275009BB332 /* Main.storyboard in Resources */,
			);
			runOnlyForDeploymentPostprocessing = 0;
		};
/* End PBXResourcesBuildPhase section */

/* Begin PBXSourcesBuildPhase section */
		110759A91F9FF275009BB332 /* Sources */ = {
			isa = PBXSourcesBuildPhase;
			buildActionMask = 2147483647;
			files = (
				110759C31F9FF635009BB332 /* Pin.swift in Sources */,
				110759B31F9FF275009BB332 /* ViewController.swift in Sources */,
				110759B11F9FF275009BB332 /* AppDelegate.swift in Sources */,
			);
			runOnlyForDeploymentPostprocessing = 0;
		};
/* End PBXSourcesBuildPhase section */

/* Begin PBXVariantGroup section */
		110759B41F9FF275009BB332 /* Main.storyboard */ = {
			isa = PBXVariantGroup;
			children = (
				110759B51F9FF275009BB332 /* Base */,
			);
			name = Main.storyboard;
			sourceTree = "<group>";
		};
		110759B91F9FF275009BB332 /* LaunchScreen.storyboard */ = {
			isa = PBXVariantGroup;
			children = (
				110759BA1F9FF275009BB332 /* Base */,
			);
			name = LaunchScreen.storyboard;
			sourceTree = "<group>";
		};
/* End PBXVariantGroup section */

/* Begin XCBuildConfiguration section */
		110759BD1F9FF275009BB332 /* Debug */ = {
			isa = XCBuildConfiguration;
			buildSettings = {
				ALWAYS_SEARCH_USER_PATHS = NO;
				CLANG_ANALYZER_NONNULL = YES;
				CLANG_ANALYZER_NUMBER_OBJECT_CONVERSION = YES_AGGRESSIVE;
				CLANG_CXX_LANGUAGE_STANDARD = "gnu++14";
				CLANG_CXX_LIBRARY = "libc++";
				CLANG_ENABLE_MODULES = YES;
				CLANG_ENABLE_OBJC_ARC = YES;
				CLANG_WARN_BLOCK_CAPTURE_AUTORELEASING = YES;
				CLANG_WARN_BOOL_CONVERSION = YES;
				CLANG_WARN_COMMA = YES;
				CLANG_WARN_CONSTANT_CONVERSION = YES;
				CLANG_WARN_DIRECT_OBJC_ISA_USAGE = YES_ERROR;
				CLANG_WARN_DOCUMENTATION_COMMENTS = YES;
				CLANG_WARN_EMPTY_BODY = YES;
				CLANG_WARN_ENUM_CONVERSION = YES;
				CLANG_WARN_INFINITE_RECURSION = YES;
				CLANG_WARN_INT_CONVERSION = YES;
				CLANG_WARN_NON_LITERAL_NULL_CONVERSION = YES;
				CLANG_WARN_OBJC_LITERAL_CONVERSION = YES;
				CLANG_WARN_OBJC_ROOT_CLASS = YES_ERROR;
				CLANG_WARN_RANGE_LOOP_ANALYSIS = YES;
				CLANG_WARN_STRICT_PROTOTYPES = YES;
				CLANG_WARN_SUSPICIOUS_MOVE = YES;
				CLANG_WARN_UNGUARDED_AVAILABILITY = YES_AGGRESSIVE;
				CLANG_WARN_UNREACHABLE_CODE = YES;
				CLANG_WARN__DUPLICATE_METHOD_MATCH = YES;
				CODE_SIGN_IDENTITY = "iPhone Developer";
				COPY_PHASE_STRIP = NO;
				DEBUG_INFORMATION_FORMAT = dwarf;
				ENABLE_STRICT_OBJC_MSGSEND = YES;
				ENABLE_TESTABILITY = YES;
				GCC_C_LANGUAGE_STANDARD = gnu11;
				GCC_DYNAMIC_NO_PIC = NO;
				GCC_NO_COMMON_BLOCKS = YES;
				GCC_OPTIMIZATION_LEVEL = 0;
				GCC_PREPROCESSOR_DEFINITIONS = (
					"DEBUG=1",
					"$(inherited)",
				);
				GCC_WARN_64_TO_32_BIT_CONVERSION = YES;
				GCC_WARN_ABOUT_RETURN_TYPE = YES_ERROR;
				GCC_WARN_UNDECLARED_SELECTOR = YES;
				GCC_WARN_UNINITIALIZED_AUTOS = YES_AGGRESSIVE;
				GCC_WARN_UNUSED_FUNCTION = YES;
				GCC_WARN_UNUSED_VARIABLE = YES;
				IPHONEOS_DEPLOYMENT_TARGET = 11.0;
				MTL_ENABLE_DEBUG_INFO = YES;
				ONLY_ACTIVE_ARCH = YES;
				SDKROOT = iphoneos;
				SWIFT_ACTIVE_COMPILATION_CONDITIONS = DEBUG;
				SWIFT_OPTIMIZATION_LEVEL = "-Onone";
			};
			name = Debug;
		};
		110759BE1F9FF275009BB332 /* Release */ = {
			isa = XCBuildConfiguration;
			buildSettings = {
				ALWAYS_SEARCH_USER_PATHS = NO;
				CLANG_ANALYZER_NONNULL = YES;
				CLANG_ANALYZER_NUMBER_OBJECT_CONVERSION = YES_AGGRESSIVE;
				CLANG_CXX_LANGUAGE_STANDARD = "gnu++14";
				CLANG_CXX_LIBRARY = "libc++";
				CLANG_ENABLE_MODULES = YES;
				CLANG_ENABLE_OBJC_ARC = YES;
				CLANG_WARN_BLOCK_CAPTURE_AUTORELEASING = YES;
				CLANG_WARN_BOOL_CONVERSION = YES;
				CLANG_WARN_COMMA = YES;
				CLANG_WARN_CONSTANT_CONVERSION = YES;
				CLANG_WARN_DIRECT_OBJC_ISA_USAGE = YES_ERROR;
				CLANG_WARN_DOCUMENTATION_COMMENTS = YES;
				CLANG_WARN_EMPTY_BODY = YES;
				CLANG_WARN_ENUM_CONVERSION = YES;
				CLANG_WARN_INFINITE_RECURSION = YES;
				CLANG_WARN_INT_CONVERSION = YES;
				CLANG_WARN_NON_LITERAL_NULL_CONVERSION = YES;
				CLANG_WARN_OBJC_LITERAL_CONVERSION = YES;
				CLANG_WARN_OBJC_ROOT_CLASS = YES_ERROR;
				CLANG_WARN_RANGE_LOOP_ANALYSIS = YES;
				CLANG_WARN_STRICT_PROTOTYPES = YES;
				CLANG_WARN_SUSPICIOUS_MOVE = YES;
				CLANG_WARN_UNGUARDED_AVAILABILITY = YES_AGGRESSIVE;
				CLANG_WARN_UNREACHABLE_CODE = YES;
				CLANG_WARN__DUPLICATE_METHOD_MATCH = YES;
				CODE_SIGN_IDENTITY = "iPhone Developer";
				COPY_PHASE_STRIP = NO;
				DEBUG_INFORMATION_FORMAT = "dwarf-with-dsym";
				ENABLE_NS_ASSERTIONS = NO;
				ENABLE_STRICT_OBJC_MSGSEND = YES;
				GCC_C_LANGUAGE_STANDARD = gnu11;
				GCC_NO_COMMON_BLOCKS = YES;
				GCC_WARN_64_TO_32_BIT_CONVERSION = YES;
				GCC_WARN_ABOUT_RETURN_TYPE = YES_ERROR;
				GCC_WARN_UNDECLARED_SELECTOR = YES;
				GCC_WARN_UNINITIALIZED_AUTOS = YES_AGGRESSIVE;
				GCC_WARN_UNUSED_FUNCTION = YES;
				GCC_WARN_UNUSED_VARIABLE = YES;
				IPHONEOS_DEPLOYMENT_TARGET = 11.0;
				MTL_ENABLE_DEBUG_INFO = NO;
				SDKROOT = iphoneos;
				SWIFT_OPTIMIZATION_LEVEL = "-Owholemodule";
				VALIDATE_PRODUCT = YES;
			};
			name = Release;
		};
		110759C01F9FF275009BB332 /* Debug */ = {
			isa = XCBuildConfiguration;
			buildSettings = {
				ASSETCATALOG_COMPILER_APPICON_NAME = AppIcon;
				CODE_SIGN_STYLE = Automatic;
				INFOPLIST_FILE = "Pin Drop/Info.plist";
				LD_RUNPATH_SEARCH_PATHS = "$(inherited) @executable_path/Frameworks";
				PRODUCT_BUNDLE_IDENTIFIER = "AB.Pin-Drop";
				PRODUCT_NAME = "$(TARGET_NAME)";
				SWIFT_VERSION = 4.0;
				TARGETED_DEVICE_FAMILY = "1,2";
			};
			name = Debug;
		};
		110759C11F9FF275009BB332 /* Release */ = {
			isa = XCBuildConfiguration;
			buildSettings = {
				ASSETCATALOG_COMPILER_APPICON_NAME = AppIcon;
				CODE_SIGN_STYLE = Automatic;
				INFOPLIST_FILE = "Pin Drop/Info.plist";
				LD_RUNPATH_SEARCH_PATHS = "$(inherited) @executable_path/Frameworks";
				PRODUCT_BUNDLE_IDENTIFIER = "AB.Pin-Drop";
				PRODUCT_NAME = "$(TARGET_NAME)";
				SWIFT_VERSION = 4.0;
				TARGETED_DEVICE_FAMILY = "1,2";
			};
			name = Release;
		};
/* End XCBuildConfiguration section */

/* Begin XCConfigurationList section */
		110759A81F9FF275009BB332 /* Build configuration list for PBXProject "Pin Drop" */ = {
			isa = XCConfigurationList;
			buildConfigurations = (
				110759BD1F9FF275009BB332 /* Debug */,
				110759BE1F9FF275009BB332 /* Release */,
			);
			defaultConfigurationIsVisible = 0;
			defaultConfigurationName = Release;
		};
		110759BF1F9FF275009BB332 /* Build configuration list for PBXNativeTarget "Pin Drop" */ = {
			isa = XCConfigurationList;
			buildConfigurations = (
				110759C01F9FF275009BB332 /* Debug */,
				110759C11F9FF275009BB332 /* Release */,
			);
			defaultConfigurationIsVisible = 0;
			defaultConfigurationName = Release;
		};
/* End XCConfigurationList section */
	};
	rootObject = 110759A51F9FF275009BB332 /* Project object */;
}
